Microsoft Visual Studio Solution File, Format Version 12.00
# Visual Studio Version 17
VisualStudioVersion = 17.5.2.0
MinimumVisualStudioVersion = 10.0.40219.1
Project("{FAE04EC0-301F-11D3-BF4B-00C04F79EFBC}") = "BasicNet10", "BasicNet10.csproj", "{94841D11-BAE3-83D6-2E72-B512B03DBC37}"
EndProject
Global
	GlobalSection(SolutionConfigurationPlatforms) = preSolution
		Debug|Any CPU = Debug|Any CPU
		Release|Any CPU = Release|Any CPU
	EndGlobalSection
	GlobalSection(ProjectConfigurationPlatforms) = postSolution
		{94841D11-BAE3-83D6-2E72-B512B03DBC37}.Debug|Any CPU.ActiveCfg = Debug|Any CPU
		{94841D11-BAE3-83D6-2E72-B512B03DBC37}.Debug|Any CPU.Build.0 = Debug|Any CPU
		{94841D11-BAE3-83D6-2E72-B512B03DBC37}.Release|Any CPU.ActiveCfg = Release|Any CPU
		{94841D11-BAE3-83D6-2E72-B512B03DBC37}.Release|Any CPU.Build.0 = Release|Any CPU
	EndGlobalSection
	GlobalSection(SolutionProperties) = preSolution
		HideSolutionNode = FALSE
	EndGlobalSection
	GlobalSection(ExtensibilityGlobals) = postSolution
		SolutionGuid = {4200AC1F-5C1F-467A-BA7C-CA6884401489}
	EndGlobalSection
EndGlobal
